// !$*UTF8*$!
{
	archiveVersion = 1;
	classes = {
	};
	objectVersion = 50;
	objects = {

/* Begin PBXBuildFile section */
		FF4AC02A23D8C41600D0F45D /* AppDelegate.swift in Sources */ = {isa = PBXBuildFile; fileRef = FF4AC02923D8C41600D0F45D /* AppDelegate.swift */; };
		FF4AC02C23D8C41600D0F45D /* ChecklistViewController.swift in Sources */ = {isa = PBXBuildFile; fileRef = FF4AC02B23D8C41600D0F45D /* ChecklistViewController.swift */; };
		FF4AC02F23D8C41600D0F45D /* Main.storyboard in Resources */ = {isa = PBXBuildFile; fileRef = FF4AC02D23D8C41600D0F45D /* Main.storyboard */; };
		FF4AC03123D8C41900D0F45D /* Assets.xcassets in Resources */ = {isa = PBXBuildFile; fileRef = FF4AC03023D8C41900D0F45D /* Assets.xcassets */; };
		FF4AC03423D8C41900D0F45D /* LaunchScreen.storyboard in Resources */ = {isa = PBXBuildFile; fileRef = FF4AC03223D8C41900D0F45D /* LaunchScreen.storyboard */; };
		FF4AC03C2400A19E00D0F45D /* ChecklistItem.swift in Sources */ = {isa = PBXBuildFile; fileRef = FF4AC03B2400A19E00D0F45D /* ChecklistItem.swift */; };
		FF4AC03E240DA76D00D0F45D /* TodoList.swift in Sources */ = {isa = PBXBuildFile; fileRef = FF4AC03D240DA76D00D0F45D /* TodoList.swift */; };
		FF5D4D9A241835A800F942E3 /* ItemTableViewController.swift in Sources */ = {isa = PBXBuildFile; fileRef = FF5D4D99241835A800F942E3 /* ItemTableViewController.swift */; };
		FF5D4D9C242857DD00F942E3 /* ChecklistTableViewCell.swift in Sources */ = {isa = PBXBuildFile; fileRef = FF5D4D9B242857DD00F942E3 /* ChecklistTableViewCell.swift */; };
/* End PBXBuildFile section */

/* Begin PBXFileReference section */
		FF4AC02623D8C41600D0F45D /* Checklist.app */ = {isa = PBXFileReference; explicitFileType = wrapper.application; includeInIndex = 0; path = Checklist.app; sourceTree = BUILT_PRODUCTS_DIR; };
		FF4AC02923D8C41600D0F45D /* AppDelegate.swift */ = {isa = PBXFileReference; lastKnownFileType = sourcecode.swift; path = AppDelegate.swift; sourceTree = "<group>"; };
		FF4AC02B23D8C41600D0F45D /* ChecklistViewController.swift */ = {isa = PBXFileReference; lastKnownFileType = sourcecode.swift; path = ChecklistViewController.swift; sourceTree = "<group>"; };
		FF4AC02E23D8C41600D0F45D /* Base */ = {isa = PBXFileReference; lastKnownFileType = file.storyboard; name = Base; path = Base.lproj/Main.storyboard; sourceTree = "<group>"; };
		FF4AC03023D8C41900D0F45D /* Assets.xcassets */ = {isa = PBXFileReference; lastKnownFileType = folder.assetcatalog; path = Assets.xcassets; sourceTree = "<group>"; };
		FF4AC03323D8C41900D0F45D /* Base */ = {isa = PBXFileReference; lastKnownFileType = file.storyboard; name = Base; path = Base.lproj/LaunchScreen.storyboard; sourceTree = "<group>"; };
		FF4AC03523D8C41900D0F45D /* Info.plist */ = {isa = PBXFileReference; lastKnownFileType = text.plist.xml; path = Info.plist; sourceTree = "<group>"; };
		FF4AC03B2400A19E00D0F45D /* ChecklistItem.swift */ = {isa = PBXFileReference; lastKnownFileType = sourcecode.swift; path = ChecklistItem.swift; sourceTree = "<group>"; };
		FF4AC03D240DA76D00D0F45D /* TodoList.swift */ = {isa = PBXFileReference; lastKnownFileType = sourcecode.swift; path = TodoList.swift; sourceTree = "<group>"; };
		FF5D4D99241835A800F942E3 /* ItemTableViewController.swift */ = {isa = PBXFileReference; lastKnownFileType = sourcecode.swift; path = ItemTableViewController.swift; sourceTree = "<group>"; };
		FF5D4D9B242857DD00F942E3 /* ChecklistTableViewCell.swift */ = {isa = PBXFileReference; lastKnownFileType = sourcecode.swift; path = ChecklistTableViewCell.swift; sourceTree = "<group>"; };
/* End PBXFileReference section */

/* Begin PBXFrameworksBuildPhase section */
		FF4AC02323D8C41600D0F45D /* Frameworks */ = {
			isa = PBXFrameworksBuildPhase;
			buildActionMask = 2147483647;
			files = (
			);
			runOnlyForDeploymentPostprocessing = 0;
		};
/* End PBXFrameworksBuildPhase section */

/* Begin PBXGroup section */
		FF4AC01D23D8C41600D0F45D = {
			isa = PBXGroup;
			children = (
				FF4AC02823D8C41600D0F45D /* Checklist */,
				FF4AC02723D8C41600D0F45D /* Products */,
			);
			sourceTree = "<group>";
		};
		FF4AC02723D8C41600D0F45D /* Products */ = {
			isa = PBXGroup;
			children = (
				FF4AC02623D8C41600D0F45D /* Checklist.app */,
			);
			name = Products;
			sourceTree = "<group>";
		};
		FF4AC02823D8C41600D0F45D /* Checklist */ = {
			isa = PBXGroup;
			children = (
				FF4AC02923D8C41600D0F45D /* AppDelegate.swift */,
				FF4AC02B23D8C41600D0F45D /* ChecklistViewController.swift */,
				FF5D4D9B242857DD00F942E3 /* ChecklistTableViewCell.swift */,
				FF4AC02D23D8C41600D0F45D /* Main.storyboard */,
				FF5D4D99241835A800F942E3 /* ItemTableViewController.swift */,
				FF4AC03023D8C41900D0F45D /* Assets.xcassets */,
				FF4AC03223D8C41900D0F45D /* LaunchScreen.storyboard */,
				FF4AC03523D8C41900D0F45D /* Info.plist */,
				FF4AC03B2400A19E00D0F45D /* ChecklistItem.swift */,
				FF4AC03D240DA76D00D0F45D /* TodoList.swift */,
			);
			path = Checklist;
			sourceTree = "<group>";
		};
/* End PBXGroup section */

/* Begin PBXNativeTarget section */
		FF4AC02523D8C41600D0F45D /* Checklist */ = {
			isa = PBXNativeTarget;
			buildConfigurationList = FF4AC03823D8C41900D0F45D /* Build configuration list for PBXNativeTarget "Checklist" */;
			buildPhases = (
				FF4AC02223D8C41600D0F45D /* Sources */,
				FF4AC02323D8C41600D0F45D /* Frameworks */,
				FF4AC02423D8C41600D0F45D /* Resources */,
			);
			buildRules = (
			);
			dependencies = (
			);
			name = Checklist;
			productName = Checklist;
			productReference = FF4AC02623D8C41600D0F45D /* Checklist.app */;
			productType = "com.apple.product-type.application";
		};
/* End PBXNativeTarget section */

/* Begin PBXProject section */
		FF4AC01E23D8C41600D0F45D /* Project object */ = {
			isa = PBXProject;
			attributes = {
				LastSwiftUpdateCheck = 1000;
				LastUpgradeCheck = 1000;
				ORGANIZATIONNAME = Shishira;
				TargetAttributes = {
					FF4AC02523D8C41600D0F45D = {
						CreatedOnToolsVersion = 10.0;
					};
				};
			};
			buildConfigurationList = FF4AC02123D8C41600D0F45D /* Build configuration list for PBXProject "Checklist" */;
			compatibilityVersion = "Xcode 9.3";
			developmentRegion = en;
			hasScannedForEncodings = 0;
			knownRegions = (
				en,
				Base,
			);
			mainGroup = FF4AC01D23D8C41600D0F45D;
			productRefGroup = FF4AC02723D8C41600D0F45D /* Products */;
			projectDirPath = "";
			projectRoot = "";
			targets = (
				FF4AC02523D8C41600D0F45D /* Checklist */,
			);
		};
/* End PBXProject section */

/* Begin PBXResourcesBuildPhase section */
		FF4AC02423D8C41600D0F45D /* Resources */ = {
			isa = PBXResourcesBuildPhase;
			buildActionMask = 2147483647;
			files = (
				FF4AC03423D8C41900D0F45D /* LaunchScreen.storyboard in Resources */,
				FF4AC03123D8C41900D0F45D /* Assets.xcassets in Resources */,
				FF4AC02F23D8C41600D0F45D /* Main.storyboard in Resources */,
			);
			runOnlyForDeploymentPostprocessing = 0;
		};
/* End PBXResourcesBuildPhase section */

/* Begin PBXSourcesBuildPhase section */
		FF4AC02223D8C41600D0F45D /* Sources */ = {
			isa = PBXSourcesBuildPhase;
			buildActionMask = 2147483647;
			files = (
				FF4AC02C23D8C41600D0F45D /* ChecklistViewController.swift in Sources */,
				FF5D4D9A241835A800F942E3 /* ItemTableViewController.swift in Sources */,
				FF4AC03C2400A19E00D0F45D /* ChecklistItem.swift in Sources */,
				FF4AC02A23D8C41600D0F45D /* AppDelegate.swift in Sources */,
				FF5D4D9C242857DD00F942E3 /* ChecklistTableViewCell.swift in Sources */,
				FF4AC03E240DA76D00D0F45D /* TodoList.swift in Sources */,
			);
			runOnlyForDeploymentPostprocessing = 0;
		};
/* End PBXSourcesBuildPhase section */

/* Begin PBXVariantGroup section */
		FF4AC02D23D8C41600D0F45D /* Main.storyboard */ = {
			isa = PBXVariantGroup;
			children = (
				FF4AC02E23D8C41600D0F45D /* Base */,
			);
			name = Main.storyboard;
			sourceTree = "<group>";
		};
		FF4AC03223D8C41900D0F45D /* LaunchScreen.storyboard */ = {
			isa = PBXVariantGroup;
			children = (
				FF4AC03323D8C41900D0F45D /* Base */,
			);
			name = LaunchScreen.storyboard;
			sourceTree = "<group>";
		};
/* End PBXVariantGroup section */

/* Begin XCBuildConfiguration section */
		FF4AC03623D8C41900D0F45D /* Debug */ = {
			isa = XCBuildConfiguration;
			buildSettings = {
				ALWAYS_SEARCH_USER_PATHS = NO;
				CLANG_ANALYZER_NONNULL = YES;
				CLANG_ANALYZER_NUMBER_OBJECT_CONVERSION = YES_AGGRESSIVE;
				CLANG_CXX_LANGUAGE_STANDARD = "gnu++14";
				CLANG_CXX_LIBRARY = "libc++";
				CLANG_ENABLE_MODULES = YES;
				CLANG_ENABLE_OBJC_ARC = YES;
				CLANG_ENABLE_OBJC_WEAK = YES;
				CLANG_WARN_BLOCK_CAPTURE_AUTORELEASING = YES;
				CLANG_WARN_BOOL_CONVERSION = YES;
				CLANG_WARN_COMMA = YES;
				CLANG_WARN_CONSTANT_CONVERSION = YES;
				CLANG_WARN_DEPRECATED_OBJC_IMPLEMENTATIONS = YES;
				CLANG_WARN_DIRECT_OBJC_ISA_USAGE = YES_ERROR;
				CLANG_WARN_DOCUMENTATION_COMMENTS = YES;
				CLANG_WARN_EMPTY_BODY = YES;
				CLANG_WARN_ENUM_CONVERSION = YES;
				CLANG_WARN_INFINITE_RECURSION = YES;
				CLANG_WARN_INT_CONVERSION = YES;
				CLANG_WARN_NON_LITERAL_NULL_CONVERSION = YES;
				CLANG_WARN_OBJC_IMPLICIT_RETAIN_SELF = YES;
				CLANG_WARN_OBJC_LITERAL_CONVERSION = YES;
				CLANG_WARN_OBJC_ROOT_CLASS = YES_ERROR;
				CLANG_WARN_RANGE_LOOP_ANALYSIS = YES;
				CLANG_WARN_STRICT_PROTOTYPES = YES;
				CLANG_WARN_SUSPICIOUS_MOVE = YES;
				CLANG_WARN_UNGUARDED_AVAILABILITY = YES_AGGRESSIVE;
				CLANG_WARN_UNREACHABLE_CODE = YES;
				CLANG_WARN__DUPLICATE_METHOD_MATCH = YES;
				CODE_SIGN_IDENTITY = "iPhone Developer";
				COPY_PHASE_STRIP = NO;
				DEBUG_INFORMATION_FORMAT = dwarf;
				ENABLE_STRICT_OBJC_MSGSEND = YES;
				ENABLE_TESTABILITY = YES;
				GCC_C_LANGUAGE_STANDARD = gnu11;
				GCC_DYNAMIC_NO_PIC = NO;
				GCC_NO_COMMON_BLOCKS = YES;
				GCC_OPTIMIZATION_LEVEL = 0;
				GCC_PREPROCESSOR_DEFINITIONS = (
					"DEBUG=1",
					"$(inherited)",
				);
				GCC_WARN_64_TO_32_BIT_CONVERSION = YES;
				GCC_WARN_ABOUT_RETURN_TYPE = YES_ERROR;
				GCC_WARN_UNDECLARED_SELECTOR = YES;
				GCC_WARN_UNINITIALIZED_AUTOS = YES_AGGRESSIVE;
				GCC_WARN_UNUSED_FUNCTION = YES;
				GCC_WARN_UNUSED_VARIABLE = YES;
				IPHONEOS_DEPLOYMENT_TARGET = 12.0;
				MTL_ENABLE_DEBUG_INFO = INCLUDE_SOURCE;
				MTL_FAST_MATH = YES;
				ONLY_ACTIVE_ARCH = YES;
				SDKROOT = iphoneos;
				SWIFT_ACTIVE_COMPILATION_CONDITIONS = DEBUG;
				SWIFT_OPTIMIZATION_LEVEL = "-Onone";
			};
			name = Debug;
		};
		FF4AC03723D8C41900D0F45D /* Release */ = {
			isa = XCBuildConfiguration;
			buildSettings = {
				ALWAYS_SEARCH_USER_PATHS = NO;
				CLANG_ANALYZER_NONNULL = YES;
				CLANG_ANALYZER_NUMBER_OBJECT_CONVERSION = YES_AGGRESSIVE;
				CLANG_CXX_LANGUAGE_STANDARD = "gnu++14";
				CLANG_CXX_LIBRARY = "libc++";
				CLANG_ENABLE_MODULES = YES;
				CLANG_ENABLE_OBJC_ARC = YES;
				CLANG_ENABLE_OBJC_WEAK = YES;
				CLANG_WARN_BLOCK_CAPTURE_AUTORELEASING = YES;
				CLANG_WARN_BOOL_CONVERSION = YES;
				CLANG_WARN_COMMA = YES;
				CLANG_WARN_CONSTANT_CONVERSION = YES;
				CLANG_WARN_DEPRECATED_OBJC_IMPLEMENTATIONS = YES;
				CLANG_WARN_DIRECT_OBJC_ISA_USAGE = YES_ERROR;
				CLANG_WARN_DOCUMENTATION_COMMENTS = YES;
				CLANG_WARN_EMPTY_BODY = YES;
				CLANG_WARN_ENUM_CONVERSION = YES;
				CLANG_WARN_INFINITE_RECURSION = YES;
				CLANG_WARN_INT_CONVERSION = YES;
				CLANG_WARN_NON_LITERAL_NULL_CONVERSION = YES;
				CLANG_WARN_OBJC_IMPLICIT_RETAIN_SELF = YES;
				CLANG_WARN_OBJC_LITERAL_CONVERSION = YES;
				CLANG_WARN_OBJC_ROOT_CLASS = YES_ERROR;
				CLANG_WARN_RANGE_LOOP_ANALYSIS = YES;
				CLANG_WARN_STRICT_PROTOTYPES = YES;
				CLANG_WARN_SUSPICIOUS_MOVE = YES;
				CLANG_WARN_UNGUARDED_AVAILABILITY = YES_AGGRESSIVE;
				CLANG_WARN_UNREACHABLE_CODE = YES;
				CLANG_WARN__DUPLICATE_METHOD_MATCH = YES;
				CODE_SIGN_IDENTITY = "iPhone Developer";
				COPY_PHASE_STRIP = NO;
				DEBUG_INFORMATION_FORMAT = "dwarf-with-dsym";
				ENABLE_NS_ASSERTIONS = NO;
				ENABLE_STRICT_OBJC_MSGSEND = YES;
				GCC_C_LANGUAGE_STANDARD = gnu11;
				GCC_NO_COMMON_BLOCKS = YES;
				GCC_WARN_64_TO_32_BIT_CONVERSION = YES;
				GCC_WARN_ABOUT_RETURN_TYPE = YES_ERROR;
				GCC_WARN_UNDECLARED_SELECTOR = YES;
				GCC_WARN_UNINITIALIZED_AUTOS = YES_AGGRESSIVE;
				GCC_WARN_UNUSED_FUNCTION = YES;
				GCC_WARN_UNUSED_VARIABLE = YES;
				IPHONEOS_DEPLOYMENT_TARGET = 12.0;
				MTL_ENABLE_DEBUG_INFO = NO;
				MTL_FAST_MATH = YES;
				SDKROOT = iphoneos;
				SWIFT_COMPILATION_MODE = wholemodule;
				SWIFT_OPTIMIZATION_LEVEL = "-O";
				VALIDATE_PRODUCT = YES;
			};
			name = Release;
		};
		FF4AC03923D8C41900D0F45D /* Debug */ = {
			isa = XCBuildConfiguration;
			buildSettings = {
				ASSETCATALOG_COMPILER_APPICON_NAME = AppIcon;
				CODE_SIGN_STYLE = Automatic;
				INFOPLIST_FILE = Checklist/Info.plist;
				LD_RUNPATH_SEARCH_PATHS = (
					"$(inherited)",
					"@executable_path/Frameworks",
				);
				PRODUCT_BUNDLE_IDENTIFIER = com.Shishira.Checklist;
				PRODUCT_NAME = "$(TARGET_NAME)";
				SWIFT_VERSION = 4.2;
				TARGETED_DEVICE_FAMILY = "1,2";
			};
			name = Debug;
		};
		FF4AC03A23D8C41900D0F45D /* Release */ = {
			isa = XCBuildConfiguration;
			buildSettings = {
				ASSETCATALOG_COMPILER_APPICON_NAME = AppIcon;
				CODE_SIGN_STYLE = Automatic;
				INFOPLIST_FILE = Checklist/Info.plist;
				LD_RUNPATH_SEARCH_PATHS = (
					"$(inherited)",
					"@executable_path/Frameworks",
				);
				PRODUCT_BUNDLE_IDENTIFIER = com.Shishira.Checklist;
				PRODUCT_NAME = "$(TARGET_NAME)";
				SWIFT_VERSION = 4.2;
				TARGETED_DEVICE_FAMILY = "1,2";
			};
			name = Release;
		};
/* End XCBuildConfiguration section */

/* Begin XCConfigurationList section */
		FF4AC02123D8C41600D0F45D /* Build configuration list for PBXProject "Checklist" */ = {
			isa = XCConfigurationList;
			buildConfigurations = (
				FF4AC03623D8C41900D0F45D /* Debug */,
				FF4AC03723D8C41900D0F45D /* Release */,
			);
			defaultConfigurationIsVisible = 0;
			defaultConfigurationName = Release;
		};
		FF4AC03823D8C41900D0F45D /* Build configuration list for PBXNativeTarget "Checklist" */ = {
			isa = XCConfigurationList;
			buildConfigurations = (
				FF4AC03923D8C41900D0F45D /* Debug */,
				FF4AC03A23D8C41900D0F45D /* Release */,
			);
			defaultConfigurationIsVisible = 0;
			defaultConfigurationName = Release;
		};
/* End XCConfigurationList section */
	};
	rootObject = FF4AC01E23D8C41600D0F45D /* Project object */;
}
